// !$*UTF8*$!
{
	archiveVersion = 1;
	classes = {
	};
	objectVersion = 50;
	objects = {

/* Begin PBXBuildFile section */
		C99F68742225C4E0002C8D35 /* AppDelegate.swift in Sources */ = {isa = PBXBuildFile; fileRef = C99F68732225C4E0002C8D35 /* AppDelegate.swift */; };
		C99F68792225C4E0002C8D35 /* Main.storyboard in Resources */ = {isa = PBXBuildFile; fileRef = C99F68772225C4E0002C8D35 /* Main.storyboard */; };
		C99F687C2225C4E0002C8D35 /* VirtualTourist.xcdatamodeld in Sources */ = {isa = PBXBuildFile; fileRef = C99F687A2225C4E0002C8D35 /* VirtualTourist.xcdatamodeld */; };
		C99F687E2225C4E1002C8D35 /* Assets.xcassets in Resources */ = {isa = PBXBuildFile; fileRef = C99F687D2225C4E1002C8D35 /* Assets.xcassets */; };
		C99F68812225C4E1002C8D35 /* LaunchScreen.storyboard in Resources */ = {isa = PBXBuildFile; fileRef = C99F687F2225C4E1002C8D35 /* LaunchScreen.storyboard */; };
		C99F68892225C981002C8D35 /* PhotoCollectionViewCell.swift in Sources */ = {isa = PBXBuildFile; fileRef = C99F68882225C981002C8D35 /* PhotoCollectionViewCell.swift */; };
		C99F688B2225CA52002C8D35 /* PhotoAlbumViewController.swift in Sources */ = {isa = PBXBuildFile; fileRef = C99F688A2225CA52002C8D35 /* PhotoAlbumViewController.swift */; };
		C99F688D2225CB12002C8D35 /* MapViewController.swift in Sources */ = {isa = PBXBuildFile; fileRef = C99F688C2225CB12002C8D35 /* MapViewController.swift */; };
		C99F68902225CE5C002C8D35 /* DataController.swift in Sources */ = {isa = PBXBuildFile; fileRef = C99F688F2225CE5C002C8D35 /* DataController.swift */; };
		C99F68922225D006002C8D35 /* FlickrJson.swift in Sources */ = {isa = PBXBuildFile; fileRef = C99F68912225D006002C8D35 /* FlickrJson.swift */; };
		C99F68942225D11C002C8D35 /* FlickrAPI.swift in Sources */ = {isa = PBXBuildFile; fileRef = C99F68932225D11C002C8D35 /* FlickrAPI.swift */; };
/* End PBXBuildFile section */

/* Begin PBXFileReference section */
		C99F68702225C4E0002C8D35 /* VirtualTourist.app */ = {isa = PBXFileReference; explicitFileType = wrapper.application; includeInIndex = 0; path = VirtualTourist.app; sourceTree = BUILT_PRODUCTS_DIR; };
		C99F68732225C4E0002C8D35 /* AppDelegate.swift */ = {isa = PBXFileReference; lastKnownFileType = sourcecode.swift; path = AppDelegate.swift; sourceTree = "<group>"; };
		C99F68782225C4E0002C8D35 /* Base */ = {isa = PBXFileReference; lastKnownFileType = file.storyboard; name = Base; path = Base.lproj/Main.storyboard; sourceTree = "<group>"; };
		C99F687B2225C4E0002C8D35 /* VirtualTourist.xcdatamodel */ = {isa = PBXFileReference; lastKnownFileType = wrapper.xcdatamodel; path = VirtualTourist.xcdatamodel; sourceTree = "<group>"; };
		C99F687D2225C4E1002C8D35 /* Assets.xcassets */ = {isa = PBXFileReference; lastKnownFileType = folder.assetcatalog; path = Assets.xcassets; sourceTree = "<group>"; };
		C99F68802225C4E1002C8D35 /* Base */ = {isa = PBXFileReference; lastKnownFileType = file.storyboard; name = Base; path = Base.lproj/LaunchScreen.storyboard; sourceTree = "<group>"; };
		C99F68822225C4E1002C8D35 /* Info.plist */ = {isa = PBXFileReference; lastKnownFileType = text.plist.xml; path = Info.plist; sourceTree = "<group>"; };
		C99F68882225C981002C8D35 /* PhotoCollectionViewCell.swift */ = {isa = PBXFileReference; lastKnownFileType = sourcecode.swift; path = PhotoCollectionViewCell.swift; sourceTree = "<group>"; };
		C99F688A2225CA52002C8D35 /* PhotoAlbumViewController.swift */ = {isa = PBXFileReference; lastKnownFileType = sourcecode.swift; path = PhotoAlbumViewController.swift; sourceTree = "<group>"; };
		C99F688C2225CB12002C8D35 /* MapViewController.swift */ = {isa = PBXFileReference; lastKnownFileType = sourcecode.swift; path = MapViewController.swift; sourceTree = "<group>"; };
		C99F688F2225CE5C002C8D35 /* DataController.swift */ = {isa = PBXFileReference; lastKnownFileType = sourcecode.swift; path = DataController.swift; sourceTree = "<group>"; };
		C99F68912225D006002C8D35 /* FlickrJson.swift */ = {isa = PBXFileReference; lastKnownFileType = sourcecode.swift; path = FlickrJson.swift; sourceTree = "<group>"; };
		C99F68932225D11C002C8D35 /* FlickrAPI.swift */ = {isa = PBXFileReference; lastKnownFileType = sourcecode.swift; path = FlickrAPI.swift; sourceTree = "<group>"; };
/* End PBXFileReference section */

/* Begin PBXFrameworksBuildPhase section */
		C99F686D2225C4E0002C8D35 /* Frameworks */ = {
			isa = PBXFrameworksBuildPhase;
			buildActionMask = 2147483647;
			files = (
			);
			runOnlyForDeploymentPostprocessing = 0;
		};
/* End PBXFrameworksBuildPhase section */

/* Begin PBXGroup section */
		C99F68672225C4E0002C8D35 = {
			isa = PBXGroup;
			children = (
				C99F68722225C4E0002C8D35 /* VirtualTourist */,
				C99F68712225C4E0002C8D35 /* Products */,
			);
			sourceTree = "<group>";
		};
		C99F68712225C4E0002C8D35 /* Products */ = {
			isa = PBXGroup;
			children = (
				C99F68702225C4E0002C8D35 /* VirtualTourist.app */,
			);
			name = Products;
			sourceTree = "<group>";
		};
		C99F68722225C4E0002C8D35 /* VirtualTourist */ = {
			isa = PBXGroup;
			children = (
				C99F68732225C4E0002C8D35 /* AppDelegate.swift */,
				C99F68772225C4E0002C8D35 /* Main.storyboard */,
				C99F687D2225C4E1002C8D35 /* Assets.xcassets */,
				C99F687F2225C4E1002C8D35 /* LaunchScreen.storyboard */,
				C99F68822225C4E1002C8D35 /* Info.plist */,
				C99F68962225D869002C8D35 /* Models */,
				C99F688E2225CBC8002C8D35 /* Controllers */,
			);
			path = VirtualTourist;
			sourceTree = "<group>";
		};
		C99F688E2225CBC8002C8D35 /* Controllers */ = {
			isa = PBXGroup;
			children = (
				C99F68882225C981002C8D35 /* PhotoCollectionViewCell.swift */,
				C99F688A2225CA52002C8D35 /* PhotoAlbumViewController.swift */,
				C99F688C2225CB12002C8D35 /* MapViewController.swift */,
			);
			path = Controllers;
			sourceTree = "<group>";
		};
		C99F68962225D869002C8D35 /* Models */ = {
			isa = PBXGroup;
			children = (
				C99F687A2225C4E0002C8D35 /* VirtualTourist.xcdatamodeld */,
				C99F688F2225CE5C002C8D35 /* DataController.swift */,
				C99F68912225D006002C8D35 /* FlickrJson.swift */,
				C99F68932225D11C002C8D35 /* FlickrAPI.swift */,
			);
			path = Models;
			sourceTree = "<group>";
		};
/* End PBXGroup section */

/* Begin PBXNativeTarget section */
		C99F686F2225C4E0002C8D35 /* VirtualTourist */ = {
			isa = PBXNativeTarget;
			buildConfigurationList = C99F68852225C4E1002C8D35 /* Build configuration list for PBXNativeTarget "VirtualTourist" */;
			buildPhases = (
				C99F686C2225C4E0002C8D35 /* Sources */,
				C99F686D2225C4E0002C8D35 /* Frameworks */,
				C99F686E2225C4E0002C8D35 /* Resources */,
			);
			buildRules = (
			);
			dependencies = (
			);
			name = VirtualTourist;
			productName = VirtualTourist;
			productReference = C99F68702225C4E0002C8D35 /* VirtualTourist.app */;
			productType = "com.apple.product-type.application";
		};
/* End PBXNativeTarget section */

/* Begin PBXProject section */
		C99F68682225C4E0002C8D35 /* Project object */ = {
			isa = PBXProject;
			attributes = {
				LastSwiftUpdateCheck = 1010;
				LastUpgradeCheck = 1010;
				ORGANIZATIONNAME = Zeyad;
				TargetAttributes = {
					C99F686F2225C4E0002C8D35 = {
						CreatedOnToolsVersion = 10.1;
					};
				};
			};
			buildConfigurationList = C99F686B2225C4E0002C8D35 /* Build configuration list for PBXProject "VirtualTourist" */;
			compatibilityVersion = "Xcode 9.3";
			developmentRegion = en;
			hasScannedForEncodings = 0;
			knownRegions = (
				en,
				Base,
			);
			mainGroup = C99F68672225C4E0002C8D35;
			productRefGroup = C99F68712225C4E0002C8D35 /* Products */;
			projectDirPath = "";
			projectRoot = "";
			targets = (
				C99F686F2225C4E0002C8D35 /* VirtualTourist */,
			);
		};
/* End PBXProject section */

/* Begin PBXResourcesBuildPhase section */
		C99F686E2225C4E0002C8D35 /* Resources */ = {
			isa = PBXResourcesBuildPhase;
			buildActionMask = 2147483647;
			files = (
				C99F68812225C4E1002C8D35 /* LaunchScreen.storyboard in Resources */,
				C99F687E2225C4E1002C8D35 /* Assets.xcassets in Resources */,
				C99F68792225C4E0002C8D35 /* Main.storyboard in Resources */,
			);
			runOnlyForDeploymentPostprocessing = 0;
		};
/* End PBXResourcesBuildPhase section */

/* Begin PBXSourcesBuildPhase section */
		C99F686C2225C4E0002C8D35 /* Sources */ = {
			isa = PBXSourcesBuildPhase;
			buildActionMask = 2147483647;
			files = (
				C99F68922225D006002C8D35 /* FlickrJson.swift in Sources */,
				C99F68902225CE5C002C8D35 /* DataController.swift in Sources */,
				C99F68942225D11C002C8D35 /* FlickrAPI.swift in Sources */,
				C99F688D2225CB12002C8D35 /* MapViewController.swift in Sources */,
				C99F68892225C981002C8D35 /* PhotoCollectionViewCell.swift in Sources */,
				C99F68742225C4E0002C8D35 /* AppDelegate.swift in Sources */,
				C99F688B2225CA52002C8D35 /* PhotoAlbumViewController.swift in Sources */,
				C99F687C2225C4E0002C8D35 /* VirtualTourist.xcdatamodeld in Sources */,
			);
			runOnlyForDeploymentPostprocessing = 0;
		};
/* End PBXSourcesBuildPhase section */

/* Begin PBXVariantGroup section */
		C99F68772225C4E0002C8D35 /* Main.storyboard */ = {
			isa = PBXVariantGroup;
			children = (
				C99F68782225C4E0002C8D35 /* Base */,
			);
			name = Main.storyboard;
			sourceTree = "<group>";
		};
		C99F687F2225C4E1002C8D35 /* LaunchScreen.storyboard */ = {
			isa = PBXVariantGroup;
			children = (
				C99F68802225C4E1002C8D35 /* Base */,
			);
			name = LaunchScreen.storyboard;
			sourceTree = "<group>";
		};
/* End PBXVariantGroup section */

/* Begin XCBuildConfiguration section */
		C99F68832225C4E1002C8D35 /* Debug */ = {
			isa = XCBuildConfiguration;
			buildSettings = {
				ALWAYS_SEARCH_USER_PATHS = NO;
				CLANG_ANALYZER_NONNULL = YES;
				CLANG_ANALYZER_NUMBER_OBJECT_CONVERSION = YES_AGGRESSIVE;
				CLANG_CXX_LANGUAGE_STANDARD = "gnu++14";
				CLANG_CXX_LIBRARY = "libc++";
				CLANG_ENABLE_MODULES = YES;
				CLANG_ENABLE_OBJC_ARC = YES;
				CLANG_ENABLE_OBJC_WEAK = YES;
				CLANG_WARN_BLOCK_CAPTURE_AUTORELEASING = YES;
				CLANG_WARN_BOOL_CONVERSION = YES;
				CLANG_WARN_COMMA = YES;
				CLANG_WARN_CONSTANT_CONVERSION = YES;
				CLANG_WARN_DEPRECATED_OBJC_IMPLEMENTATIONS = YES;
				CLANG_WARN_DIRECT_OBJC_ISA_USAGE = YES_ERROR;
				CLANG_WARN_DOCUMENTATION_COMMENTS = YES;
				CLANG_WARN_EMPTY_BODY = YES;
				CLANG_WARN_ENUM_CONVERSION = YES;
				CLANG_WARN_INFINITE_RECURSION = YES;
				CLANG_WARN_INT_CONVERSION = YES;
				CLANG_WARN_NON_LITERAL_NULL_CONVERSION = YES;
				CLANG_WARN_OBJC_IMPLICIT_RETAIN_SELF = YES;
				CLANG_WARN_OBJC_LITERAL_CONVERSION = YES;
				CLANG_WARN_OBJC_ROOT_CLASS = YES_ERROR;
				CLANG_WARN_RANGE_LOOP_ANALYSIS = YES;
				CLANG_WARN_STRICT_PROTOTYPES = YES;
				CLANG_WARN_SUSPICIOUS_MOVE = YES;
				CLANG_WARN_UNGUARDED_AVAILABILITY = YES_AGGRESSIVE;
				CLANG_WARN_UNREACHABLE_CODE = YES;
				CLANG_WARN__DUPLICATE_METHOD_MATCH = YES;
				CODE_SIGN_IDENTITY = "iPhone Developer";
				COPY_PHASE_STRIP = NO;
				DEBUG_INFORMATION_FORMAT = dwarf;
				ENABLE_STRICT_OBJC_MSGSEND = YES;
				ENABLE_TESTABILITY = YES;
				GCC_C_LANGUAGE_STANDARD = gnu11;
				GCC_DYNAMIC_NO_PIC = NO;
				GCC_NO_COMMON_BLOCKS = YES;
				GCC_OPTIMIZATION_LEVEL = 0;
				GCC_PREPROCESSOR_DEFINITIONS = (
					"DEBUG=1",
					"$(inherited)",
				);
				GCC_WARN_64_TO_32_BIT_CONVERSION = YES;
				GCC_WARN_ABOUT_RETURN_TYPE = YES_ERROR;
				GCC_WARN_UNDECLARED_SELECTOR = YES;
				GCC_WARN_UNINITIALIZED_AUTOS = YES_AGGRESSIVE;
				GCC_WARN_UNUSED_FUNCTION = YES;
				GCC_WARN_UNUSED_VARIABLE = YES;
				IPHONEOS_DEPLOYMENT_TARGET = 12.1;
				MTL_ENABLE_DEBUG_INFO = INCLUDE_SOURCE;
				MTL_FAST_MATH = YES;
				ONLY_ACTIVE_ARCH = YES;
				SDKROOT = iphoneos;
				SWIFT_ACTIVE_COMPILATION_CONDITIONS = DEBUG;
				SWIFT_OPTIMIZATION_LEVEL = "-Onone";
			};
			name = Debug;
		};
		C99F68842225C4E1002C8D35 /* Release */ = {
			isa = XCBuildConfiguration;
			buildSettings = {
				ALWAYS_SEARCH_USER_PATHS = NO;
				CLANG_ANALYZER_NONNULL = YES;
				CLANG_ANALYZER_NUMBER_OBJECT_CONVERSION = YES_AGGRESSIVE;
				CLANG_CXX_LANGUAGE_STANDARD = "gnu++14";
				CLANG_CXX_LIBRARY = "libc++";
				CLANG_ENABLE_MODULES = YES;
				CLANG_ENABLE_OBJC_ARC = YES;
				CLANG_ENABLE_OBJC_WEAK = YES;
				CLANG_WARN_BLOCK_CAPTURE_AUTORELEASING = YES;
				CLANG_WARN_BOOL_CONVERSION = YES;
				CLANG_WARN_COMMA = YES;
				CLANG_WARN_CONSTANT_CONVERSION = YES;
				CLANG_WARN_DEPRECATED_OBJC_IMPLEMENTATIONS = YES;
				CLANG_WARN_DIRECT_OBJC_ISA_USAGE = YES_ERROR;
				CLANG_WARN_DOCUMENTATION_COMMENTS = YES;
				CLANG_WARN_EMPTY_BODY = YES;
				CLANG_WARN_ENUM_CONVERSION = YES;
				CLANG_WARN_INFINITE_RECURSION = YES;
				CLANG_WARN_INT_CONVERSION = YES;
				CLANG_WARN_NON_LITERAL_NULL_CONVERSION = YES;
				CLANG_WARN_OBJC_IMPLICIT_RETAIN_SELF = YES;
				CLANG_WARN_OBJC_LITERAL_CONVERSION = YES;
				CLANG_WARN_OBJC_ROOT_CLASS = YES_ERROR;
				CLANG_WARN_RANGE_LOOP_ANALYSIS = YES;
				CLANG_WARN_STRICT_PROTOTYPES = YES;
				CLANG_WARN_SUSPICIOUS_MOVE = YES;
				CLANG_WARN_UNGUARDED_AVAILABILITY = YES_AGGRESSIVE;
				CLANG_WARN_UNREACHABLE_CODE = YES;
				CLANG_WARN__DUPLICATE_METHOD_MATCH = YES;
				CODE_SIGN_IDENTITY = "iPhone Developer";
				COPY_PHASE_STRIP = NO;
				DEBUG_INFORMATION_FORMAT = "dwarf-with-dsym";
				ENABLE_NS_ASSERTIONS = NO;
				ENABLE_STRICT_OBJC_MSGSEND = YES;
				GCC_C_LANGUAGE_STANDARD = gnu11;
				GCC_NO_COMMON_BLOCKS = YES;
				GCC_WARN_64_TO_32_BIT_CONVERSION = YES;
				GCC_WARN_ABOUT_RETURN_TYPE = YES_ERROR;
				GCC_WARN_UNDECLARED_SELECTOR = YES;
				GCC_WARN_UNINITIALIZED_AUTOS = YES_AGGRESSIVE;
				GCC_WARN_UNUSED_FUNCTION = YES;
				GCC_WARN_UNUSED_VARIABLE = YES;
				IPHONEOS_DEPLOYMENT_TARGET = 12.1;
				MTL_ENABLE_DEBUG_INFO = NO;
				MTL_FAST_MATH = YES;
				SDKROOT = iphoneos;
				SWIFT_COMPILATION_MODE = wholemodule;
				SWIFT_OPTIMIZATION_LEVEL = "-O";
				VALIDATE_PRODUCT = YES;
			};
			name = Release;
		};
		C99F68862225C4E1002C8D35 /* Debug */ = {
			isa = XCBuildConfiguration;
			buildSettings = {
				ASSETCATALOG_COMPILER_APPICON_NAME = AppIcon;
				CODE_SIGN_STYLE = Automatic;
				DEVELOPMENT_TEAM = 733KUEEJZ8;
				INFOPLIST_FILE = VirtualTourist/Info.plist;
				LD_RUNPATH_SEARCH_PATHS = (
					"$(inherited)",
					"@executable_path/Frameworks",
				);
				PRODUCT_BUNDLE_IDENTIFIER = com.zeyad.VirtualTourist;
				PRODUCT_NAME = "$(TARGET_NAME)";
				SWIFT_VERSION = 4.2;
				TARGETED_DEVICE_FAMILY = "1,2";
			};
			name = Debug;
		};
		C99F68872225C4E1002C8D35 /* Release */ = {
			isa = XCBuildConfiguration;
			buildSettings = {
				ASSETCATALOG_COMPILER_APPICON_NAME = AppIcon;
				CODE_SIGN_STYLE = Automatic;
				DEVELOPMENT_TEAM = 733KUEEJZ8;
				INFOPLIST_FILE = VirtualTourist/Info.plist;
				LD_RUNPATH_SEARCH_PATHS = (
					"$(inherited)",
					"@executable_path/Frameworks",
				);
				PRODUCT_BUNDLE_IDENTIFIER = com.zeyad.VirtualTourist;
				PRODUCT_NAME = "$(TARGET_NAME)";
				SWIFT_VERSION = 4.2;
				TARGETED_DEVICE_FAMILY = "1,2";
			};
			name = Release;
		};
/* End XCBuildConfiguration section */

/* Begin XCConfigurationList section */
		C99F686B2225C4E0002C8D35 /* Build configuration list for PBXProject "VirtualTourist" */ = {
			isa = XCConfigurationList;
			buildConfigurations = (
				C99F68832225C4E1002C8D35 /* Debug */,
				C99F68842225C4E1002C8D35 /* Release */,
			);
			defaultConfigurationIsVisible = 0;
			defaultConfigurationName = Release;
		};
		C99F68852225C4E1002C8D35 /* Build configuration list for PBXNativeTarget "VirtualTourist" */ = {
			isa = XCConfigurationList;
			buildConfigurations = (
				C99F68862225C4E1002C8D35 /* Debug */,
				C99F68872225C4E1002C8D35 /* Release */,
			);
			defaultConfigurationIsVisible = 0;
			defaultConfigurationName = Release;
		};
/* End XCConfigurationList section */

/* Begin XCVersionGroup section */
		C99F687A2225C4E0002C8D35 /* VirtualTourist.xcdatamodeld */ = {
			isa = XCVersionGroup;
			children = (
				C99F687B2225C4E0002C8D35 /* VirtualTourist.xcdatamodel */,
			);
			currentVersion = C99F687B2225C4E0002C8D35 /* VirtualTourist.xcdatamodel */;
			path = VirtualTourist.xcdatamodeld;
			sourceTree = "<group>";
			versionGroupType = wrapper.xcdatamodel;
		};
/* End XCVersionGroup section */
	};
	rootObject = C99F68682225C4E0002C8D35 /* Project object */;
}
